
Microsoft Visual Studio Solution File, Format Version 12.00
# Visual Studio Version 17
VisualStudioVersion = 17.14.36109.1 d17.14
MinimumVisualStudioVersion = 10.0.40219.1
Project("{FAE04EC0-301F-11D3-BF4B-00C04F79EFBC}") = "Cityinfo.API", "Cityinfo.API\Cityinfo.API.csproj", "{C58CCB80-E263-48F6-8C19-74D7168F3835}"
EndProject
Global
	GlobalSection(SolutionConfigurationPlatforms) = preSolution
		Debug|Any CPU = Debug|Any CPU
		Release|Any CPU = Release|Any CPU
	EndGlobalSection
	GlobalSection(ProjectConfigurationPlatforms) = postSolution
		{C58CCB80-E263-48F6-8C19-74D7168F3835}.Debug|Any CPU.ActiveCfg = Debug|Any CPU
		{C58CCB80-E263-48F6-8C19-74D7168F3835}.Debug|Any CPU.Build.0 = Debug|Any CPU
		{C58CCB80-E263-48F6-8C19-74D7168F3835}.Release|Any CPU.ActiveCfg = Release|Any CPU
		{C58CCB80-E263-48F6-8C19-74D7168F3835}.Release|Any CPU.Build.0 = Release|Any CPU
	EndGlobalSection
	GlobalSection(SolutionProperties) = preSolution
		HideSolutionNode = FALSE
	EndGlobalSection
	GlobalSection(ExtensibilityGlobals) = postSolution
		SolutionGuid = {C913B387-7166-40ED-826C-B86095CE1B5B}
	EndGlobalSection
EndGlobal
